
Microsoft Visual Studio Solution File, Format Version 12.00
# Visual Studio Version 17
VisualStudioVersion = 17.2.32616.157
MinimumVisualStudioVersion = 10.0.40219.1
Project("{FAE04EC0-301F-11D3-BF4B-00C04F79EFBC}") = "TicketsForCinemaAdminApplication", "TicketsForCinemaAdminApplication\TicketsForCinemaAdminApplication.csproj", "{105C7826-D90B-4479-B34F-12B760B446CE}"
EndProject
Global
	GlobalSection(SolutionConfigurationPlatforms) = preSolution
		Debug|Any CPU = Debug|Any CPU
		Release|Any CPU = Release|Any CPU
	EndGlobalSection
	GlobalSection(ProjectConfigurationPlatforms) = postSolution
		{105C7826-D90B-4479-B34F-12B760B446CE}.Debug|Any CPU.ActiveCfg = Debug|Any CPU
		{105C7826-D90B-4479-B34F-12B760B446CE}.Debug|Any CPU.Build.0 = Debug|Any CPU
		{105C7826-D90B-4479-B34F-12B760B446CE}.Release|Any CPU.ActiveCfg = Release|Any CPU
		{105C7826-D90B-4479-B34F-12B760B446CE}.Release|Any CPU.Build.0 = Release|Any CPU
	EndGlobalSection
	GlobalSection(SolutionProperties) = preSolution
		HideSolutionNode = FALSE
	EndGlobalSection
	GlobalSection(ExtensibilityGlobals) = postSolution
		SolutionGuid = {DEEBDCE0-8E45-46B9-8292-FB460A315640}
	EndGlobalSection
EndGlobal
